
Microsoft Visual Studio Solution File, Format Version 12.00
# Visual Studio Version 16
VisualStudioVersion = 16.0.30804.86
MinimumVisualStudioVersion = 10.0.40219.1
Project("{9A19103F-16F7-4668-BE54-9A1E7A4F7556}") = "DataAccess", "DataAccess\DataAccess.csproj", "{9737272D-0441-4789-AD7B-3A11A1D26EBF}"
EndProject
Project("{9A19103F-16F7-4668-BE54-9A1E7A4F7556}") = "Business", "Business\Business.csproj", "{B6B4C4DF-52C5-4B66-87D2-7D04BC5BC550}"
EndProject
Project("{9A19103F-16F7-4668-BE54-9A1E7A4F7556}") = "Entities", "Entities\Entities.csproj", "{EFD326F2-C01A-4FC2-94B4-11BB39D1204C}"
EndProject
Project("{9A19103F-16F7-4668-BE54-9A1E7A4F7556}") = "ConsoleUI", "ConsoleUI\ConsoleUI.csproj", "{8DC7B697-8EFD-47E5-B4D3-AC912754B722}"
EndProject
Project("{FAE04EC0-301F-11D3-BF4B-00C04F79EFBC}") = "Core", "Core\Core.csproj", "{8DC871BB-5BB4-42E4-84DD-A94A14B4C56E}"
EndProject
Global
	GlobalSection(SolutionConfigurationPlatforms) = preSolution
		Debug|Any CPU = Debug|Any CPU
		Release|Any CPU = Release|Any CPU
	EndGlobalSection
	GlobalSection(ProjectConfigurationPlatforms) = postSolution
		{9737272D-0441-4789-AD7B-3A11A1D26EBF}.Debug|Any CPU.ActiveCfg = Debug|Any CPU
		{9737272D-0441-4789-AD7B-3A11A1D26EBF}.Debug|Any CPU.Build.0 = Debug|Any CPU
		{9737272D-0441-4789-AD7B-3A11A1D26EBF}.Release|Any CPU.ActiveCfg = Release|Any CPU
		{9737272D-0441-4789-AD7B-3A11A1D26EBF}.Release|Any CPU.Build.0 = Release|Any CPU
		{B6B4C4DF-52C5-4B66-87D2-7D04BC5BC550}.Debug|Any CPU.ActiveCfg = Debug|Any CPU
		{B6B4C4DF-52C5-4B66-87D2-7D04BC5BC550}.Debug|Any CPU.Build.0 = Debug|Any CPU
		{B6B4C4DF-52C5-4B66-87D2-7D04BC5BC550}.Release|Any CPU.ActiveCfg = Release|Any CPU
		{B6B4C4DF-52C5-4B66-87D2-7D04BC5BC550}.Release|Any CPU.Build.0 = Release|Any CPU
		{EFD326F2-C01A-4FC2-94B4-11BB39D1204C}.Debug|Any CPU.ActiveCfg = Debug|Any CPU
		{EFD326F2-C01A-4FC2-94B4-11BB39D1204C}.Debug|Any CPU.Build.0 = Debug|Any CPU
		{EFD326F2-C01A-4FC2-94B4-11BB39D1204C}.Release|Any CPU.ActiveCfg = Release|Any CPU
		{EFD326F2-C01A-4FC2-94B4-11BB39D1204C}.Release|Any CPU.Build.0 = Release|Any CPU
		{8DC7B697-8EFD-47E5-B4D3-AC912754B722}.Debug|Any CPU.ActiveCfg = Debug|Any CPU
		{8DC7B697-8EFD-47E5-B4D3-AC912754B722}.Debug|Any CPU.Build.0 = Debug|Any CPU
		{8DC7B697-8EFD-47E5-B4D3-AC912754B722}.Release|Any CPU.ActiveCfg = Release|Any CPU
		{8DC7B697-8EFD-47E5-B4D3-AC912754B722}.Release|Any CPU.Build.0 = Release|Any CPU
		{8DC871BB-5BB4-42E4-84DD-A94A14B4C56E}.Debug|Any CPU.ActiveCfg = Debug|Any CPU
		{8DC871BB-5BB4-42E4-84DD-A94A14B4C56E}.Debug|Any CPU.Build.0 = Debug|Any CPU
		{8DC871BB-5BB4-42E4-84DD-A94A14B4C56E}.Release|Any CPU.ActiveCfg = Release|Any CPU
		{8DC871BB-5BB4-42E4-84DD-A94A14B4C56E}.Release|Any CPU.Build.0 = Release|Any CPU
	EndGlobalSection
	GlobalSection(SolutionProperties) = preSolution
		HideSolutionNode = FALSE
	EndGlobalSection
	GlobalSection(ExtensibilityGlobals) = postSolution
		SolutionGuid = {7BCCCBC9-CBE5-4091-B4ED-93B9E717C705}
	EndGlobalSection
EndGlobal
